
Microsoft Visual Studio Solution File, Format Version 12.00
# Visual Studio Version 17
VisualStudioVersion = 17.8.34330.188
MinimumVisualStudioVersion = 10.0.40219.1
Project("{FAE04EC0-301F-11D3-BF4B-00C04F79EFBC}") = "Puzzle_JMMB.Android", "Puzzle_JMMB.Android\Puzzle_JMMB.Android.csproj", "{56762F5D-F497-4FF1-AEFD-B524FA40B366}"
EndProject
Project("{FAE04EC0-301F-11D3-BF4B-00C04F79EFBC}") = "Puzzle_JMMB.iOS", "Puzzle_JMMB.iOS\Puzzle_JMMB.iOS.csproj", "{B5252F5B-C359-48D8-AA04-02589EFB7D38}"
EndProject
Project("{FAE04EC0-301F-11D3-BF4B-00C04F79EFBC}") = "Puzzle_JMMB", "Puzzle_JMMB\Puzzle_JMMB.csproj", "{F1AA6540-72ED-4762-A790-24454481658B}"
EndProject
Global
	GlobalSection(SolutionConfigurationPlatforms) = preSolution
		Debug|Any CPU = Debug|Any CPU
		Debug|iPhone = Debug|iPhone
		Debug|iPhoneSimulator = Debug|iPhoneSimulator
		Release|Any CPU = Release|Any CPU
		Release|iPhone = Release|iPhone
		Release|iPhoneSimulator = Release|iPhoneSimulator
	EndGlobalSection
	GlobalSection(ProjectConfigurationPlatforms) = postSolution
		{56762F5D-F497-4FF1-AEFD-B524FA40B366}.Debug|Any CPU.ActiveCfg = Debug|Any CPU
		{56762F5D-F497-4FF1-AEFD-B524FA40B366}.Debug|Any CPU.Build.0 = Debug|Any CPU
		{56762F5D-F497-4FF1-AEFD-B524FA40B366}.Debug|Any CPU.Deploy.0 = Debug|Any CPU
		{56762F5D-F497-4FF1-AEFD-B524FA40B366}.Debug|iPhone.ActiveCfg = Debug|Any CPU
		{56762F5D-F497-4FF1-AEFD-B524FA40B366}.Debug|iPhone.Build.0 = Debug|Any CPU
		{56762F5D-F497-4FF1-AEFD-B524FA40B366}.Debug|iPhone.Deploy.0 = Debug|Any CPU
		{56762F5D-F497-4FF1-AEFD-B524FA40B366}.Debug|iPhoneSimulator.ActiveCfg = Debug|Any CPU
		{56762F5D-F497-4FF1-AEFD-B524FA40B366}.Debug|iPhoneSimulator.Build.0 = Debug|Any CPU
		{56762F5D-F497-4FF1-AEFD-B524FA40B366}.Debug|iPhoneSimulator.Deploy.0 = Debug|Any CPU
		{56762F5D-F497-4FF1-AEFD-B524FA40B366}.Release|Any CPU.ActiveCfg = Release|Any CPU
		{56762F5D-F497-4FF1-AEFD-B524FA40B366}.Release|Any CPU.Build.0 = Release|Any CPU
		{56762F5D-F497-4FF1-AEFD-B524FA40B366}.Release|Any CPU.Deploy.0 = Release|Any CPU
		{56762F5D-F497-4FF1-AEFD-B524FA40B366}.Release|iPhone.ActiveCfg = Release|Any CPU
		{56762F5D-F497-4FF1-AEFD-B524FA40B366}.Release|iPhone.Build.0 = Release|Any CPU
		{56762F5D-F497-4FF1-AEFD-B524FA40B366}.Release|iPhone.Deploy.0 = Release|Any CPU
		{56762F5D-F497-4FF1-AEFD-B524FA40B366}.Release|iPhoneSimulator.ActiveCfg = Release|Any CPU
		{56762F5D-F497-4FF1-AEFD-B524FA40B366}.Release|iPhoneSimulator.Build.0 = Release|Any CPU
		{56762F5D-F497-4FF1-AEFD-B524FA40B366}.Release|iPhoneSimulator.Deploy.0 = Release|Any CPU
		{B5252F5B-C359-48D8-AA04-02589EFB7D38}.Debug|Any CPU.ActiveCfg = Debug|iPhone
		{B5252F5B-C359-48D8-AA04-02589EFB7D38}.Debug|Any CPU.Build.0 = Debug|iPhone
		{B5252F5B-C359-48D8-AA04-02589EFB7D38}.Debug|Any CPU.Deploy.0 = Debug|iPhone
		{B5252F5B-C359-48D8-AA04-02589EFB7D38}.Debug|iPhone.ActiveCfg = Debug|iPhone
		{B5252F5B-C359-48D8-AA04-02589EFB7D38}.Debug|iPhone.Build.0 = Debug|iPhone
		{B5252F5B-C359-48D8-AA04-02589EFB7D38}.Debug|iPhone.Deploy.0 = Debug|iPhone
		{B5252F5B-C359-48D8-AA04-02589EFB7D38}.Debug|iPhoneSimulator.ActiveCfg = Debug|iPhoneSimulator
		{B5252F5B-C359-48D8-AA04-02589EFB7D38}.Debug|iPhoneSimulator.Build.0 = Debug|iPhoneSimulator
		{B5252F5B-C359-48D8-AA04-02589EFB7D38}.Debug|iPhoneSimulator.Deploy.0 = Debug|iPhoneSimulator
		{B5252F5B-C359-48D8-AA04-02589EFB7D38}.Release|Any CPU.ActiveCfg = Release|iPhoneSimulator
		{B5252F5B-C359-48D8-AA04-02589EFB7D38}.Release|Any CPU.Build.0 = Release|iPhoneSimulator
		{B5252F5B-C359-48D8-AA04-02589EFB7D38}.Release|Any CPU.Deploy.0 = Release|iPhoneSimulator
		{B5252F5B-C359-48D8-AA04-02589EFB7D38}.Release|iPhone.ActiveCfg = Release|iPhone
		{B5252F5B-C359-48D8-AA04-02589EFB7D38}.Release|iPhone.Build.0 = Release|iPhone
		{B5252F5B-C359-48D8-AA04-02589EFB7D38}.Release|iPhone.Deploy.0 = Release|iPhone
		{B5252F5B-C359-48D8-AA04-02589EFB7D38}.Release|iPhoneSimulator.ActiveCfg = Release|iPhoneSimulator
		{B5252F5B-C359-48D8-AA04-02589EFB7D38}.Release|iPhoneSimulator.Build.0 = Release|iPhoneSimulator
		{B5252F5B-C359-48D8-AA04-02589EFB7D38}.Release|iPhoneSimulator.Deploy.0 = Release|iPhoneSimulator
		{F1AA6540-72ED-4762-A790-24454481658B}.Debug|Any CPU.ActiveCfg = Debug|Any CPU
		{F1AA6540-72ED-4762-A790-24454481658B}.Debug|Any CPU.Build.0 = Debug|Any CPU
		{F1AA6540-72ED-4762-A790-24454481658B}.Debug|Any CPU.Deploy.0 = Debug|Any CPU
		{F1AA6540-72ED-4762-A790-24454481658B}.Debug|iPhone.ActiveCfg = Debug|Any CPU
		{F1AA6540-72ED-4762-A790-24454481658B}.Debug|iPhone.Build.0 = Debug|Any CPU
		{F1AA6540-72ED-4762-A790-24454481658B}.Debug|iPhone.Deploy.0 = Debug|Any CPU
		{F1AA6540-72ED-4762-A790-24454481658B}.Debug|iPhoneSimulator.ActiveCfg = Debug|Any CPU
		{F1AA6540-72ED-4762-A790-24454481658B}.Debug|iPhoneSimulator.Build.0 = Debug|Any CPU
		{F1AA6540-72ED-4762-A790-24454481658B}.Debug|iPhoneSimulator.Deploy.0 = Debug|Any CPU
		{F1AA6540-72ED-4762-A790-24454481658B}.Release|Any CPU.ActiveCfg = Release|Any CPU
		{F1AA6540-72ED-4762-A790-24454481658B}.Release|Any CPU.Build.0 = Release|Any CPU
		{F1AA6540-72ED-4762-A790-24454481658B}.Release|Any CPU.Deploy.0 = Release|Any CPU
		{F1AA6540-72ED-4762-A790-24454481658B}.Release|iPhone.ActiveCfg = Release|Any CPU
		{F1AA6540-72ED-4762-A790-24454481658B}.Release|iPhone.Build.0 = Release|Any CPU
		{F1AA6540-72ED-4762-A790-24454481658B}.Release|iPhone.Deploy.0 = Release|Any CPU
		{F1AA6540-72ED-4762-A790-24454481658B}.Release|iPhoneSimulator.ActiveCfg = Release|Any CPU
		{F1AA6540-72ED-4762-A790-24454481658B}.Release|iPhoneSimulator.Build.0 = Release|Any CPU
		{F1AA6540-72ED-4762-A790-24454481658B}.Release|iPhoneSimulator.Deploy.0 = Release|Any CPU
	EndGlobalSection
	GlobalSection(SolutionProperties) = preSolution
		HideSolutionNode = FALSE
	EndGlobalSection
	GlobalSection(ExtensibilityGlobals) = postSolution
		SolutionGuid = {5C3D12FB-7079-4508-8FB6-81D0D9A54AC0}
	EndGlobalSection
EndGlobal
